// !$*UTF8*$!
{
	archiveVersion = 1;
	classes = {
	};
	objectVersion = 46;
	objects = {

/* Begin PBXBuildFile section */
		814F57941AE58E32004D7E87 /* main.m in Sources */ = {isa = PBXBuildFile; fileRef = 814F57931AE58E32004D7E87 /* main.m */; };
		814F57971AE58E32004D7E87 /* AppDelegate.m in Sources */ = {isa = PBXBuildFile; fileRef = 814F57961AE58E32004D7E87 /* AppDelegate.m */; };
		814F579A1AE58E32004D7E87 /* LoginViewController.m in Sources */ = {isa = PBXBuildFile; fileRef = 814F57991AE58E32004D7E87 /* LoginViewController.m */; };
		814F579D1AE58E32004D7E87 /* Main.storyboard in Resources */ = {isa = PBXBuildFile; fileRef = 814F579B1AE58E32004D7E87 /* Main.storyboard */; };
		814F579F1AE58E32004D7E87 /* Images.xcassets in Resources */ = {isa = PBXBuildFile; fileRef = 814F579E1AE58E32004D7E87 /* Images.xcassets */; };
		814F57A21AE58E32004D7E87 /* LaunchScreen.xib in Resources */ = {isa = PBXBuildFile; fileRef = 814F57A01AE58E32004D7E87 /* LaunchScreen.xib */; };
		814F57AE1AE58E32004D7E87 /* ShoppingWithFriendsTests.m in Sources */ = {isa = PBXBuildFile; fileRef = 814F57AD1AE58E32004D7E87 /* ShoppingWithFriendsTests.m */; };
		814F57B81AE58F14004D7E87 /* Parse.framework in Frameworks */ = {isa = PBXBuildFile; fileRef = 814F57B71AE58F14004D7E87 /* Parse.framework */; };
		814F57BB1AE58F36004D7E87 /* Bolts.framework in Frameworks */ = {isa = PBXBuildFile; fileRef = 814F57BA1AE58F36004D7E87 /* Bolts.framework */; };
		814F57C71AE58FF0004D7E87 /* AudioToolbox.framework in Frameworks */ = {isa = PBXBuildFile; fileRef = 814F57BC1AE58FEF004D7E87 /* AudioToolbox.framework */; };
		814F57C81AE58FF0004D7E87 /* CFNetwork.framework in Frameworks */ = {isa = PBXBuildFile; fileRef = 814F57BD1AE58FEF004D7E87 /* CFNetwork.framework */; };
		814F57C91AE58FF0004D7E87 /* CoreGraphics.framework in Frameworks */ = {isa = PBXBuildFile; fileRef = 814F57BE1AE58FEF004D7E87 /* CoreGraphics.framework */; };
		814F57CA1AE58FF0004D7E87 /* CoreLocation.framework in Frameworks */ = {isa = PBXBuildFile; fileRef = 814F57BF1AE58FEF004D7E87 /* CoreLocation.framework */; };
		814F57CB1AE58FF0004D7E87 /* libsqlite3.dylib in Frameworks */ = {isa = PBXBuildFile; fileRef = 814F57C01AE58FEF004D7E87 /* libsqlite3.dylib */; };
		814F57CC1AE58FF0004D7E87 /* libz.dylib in Frameworks */ = {isa = PBXBuildFile; fileRef = 814F57C11AE58FF0004D7E87 /* libz.dylib */; };
		814F57CD1AE58FF0004D7E87 /* MobileCoreServices.framework in Frameworks */ = {isa = PBXBuildFile; fileRef = 814F57C21AE58FF0004D7E87 /* MobileCoreServices.framework */; };
		814F57CE1AE58FF0004D7E87 /* QuartzCore.framework in Frameworks */ = {isa = PBXBuildFile; fileRef = 814F57C31AE58FF0004D7E87 /* QuartzCore.framework */; };
		814F57CF1AE58FF0004D7E87 /* Security.framework in Frameworks */ = {isa = PBXBuildFile; fileRef = 814F57C41AE58FF0004D7E87 /* Security.framework */; };
		814F57D01AE58FF0004D7E87 /* StoreKit.framework in Frameworks */ = {isa = PBXBuildFile; fileRef = 814F57C51AE58FF0004D7E87 /* StoreKit.framework */; };
		814F57D11AE58FF0004D7E87 /* SystemConfiguration.framework in Frameworks */ = {isa = PBXBuildFile; fileRef = 814F57C61AE58FF0004D7E87 /* SystemConfiguration.framework */; };
		814F57D41AE5ED8E004D7E87 /* HomeViewController.m in Sources */ = {isa = PBXBuildFile; fileRef = 814F57D31AE5ED8E004D7E87 /* HomeViewController.m */; };
		814F57D71AE5FA88004D7E87 /* RegistrationViewController.m in Sources */ = {isa = PBXBuildFile; fileRef = 814F57D61AE5FA88004D7E87 /* RegistrationViewController.m */; };
		814F57DB1AE6A2CA004D7E87 /* FriendsVC.m in Sources */ = {isa = PBXBuildFile; fileRef = 814F57DA1AE6A2CA004D7E87 /* FriendsVC.m */; };
		814F57DF1AE6B552004D7E87 /* AddFriendsVC.m in Sources */ = {isa = PBXBuildFile; fileRef = 814F57DE1AE6B552004D7E87 /* AddFriendsVC.m */; };
		814F57E51AE72EF0004D7E87 /* WishlistVC.m in Sources */ = {isa = PBXBuildFile; fileRef = 814F57E41AE72EF0004D7E87 /* WishlistVC.m */; };
		814F57E81AE72F34004D7E87 /* SalePostVC.m in Sources */ = {isa = PBXBuildFile; fileRef = 814F57E61AE72F34004D7E87 /* SalePostVC.m */; };
		814F57EB1AE74D6F004D7E87 /* AddToWL.m in Sources */ = {isa = PBXBuildFile; fileRef = 814F57EA1AE74D6F004D7E87 /* AddToWL.m */; };
/* End PBXBuildFile section */

/* Begin PBXContainerItemProxy section */
		814F57A81AE58E32004D7E87 /* PBXContainerItemProxy */ = {
			isa = PBXContainerItemProxy;
			containerPortal = 814F57861AE58E31004D7E87 /* Project object */;
			proxyType = 1;
			remoteGlobalIDString = 814F578D1AE58E32004D7E87;
			remoteInfo = ShoppingWithFriends;
		};
/* End PBXContainerItemProxy section */

/* Begin PBXFileReference section */
		814F578E1AE58E32004D7E87 /* ShoppingWithFriends.app */ = {isa = PBXFileReference; explicitFileType = wrapper.application; includeInIndex = 0; path = ShoppingWithFriends.app; sourceTree = BUILT_PRODUCTS_DIR; };
		814F57921AE58E32004D7E87 /* Info.plist */ = {isa = PBXFileReference; lastKnownFileType = text.plist.xml; path = Info.plist; sourceTree = "<group>"; };
		814F57931AE58E32004D7E87 /* main.m */ = {isa = PBXFileReference; lastKnownFileType = sourcecode.c.objc; path = main.m; sourceTree = "<group>"; };
		814F57951AE58E32004D7E87 /* AppDelegate.h */ = {isa = PBXFileReference; lastKnownFileType = sourcecode.c.h; path = AppDelegate.h; sourceTree = "<group>"; };
		814F57961AE58E32004D7E87 /* AppDelegate.m */ = {isa = PBXFileReference; lastKnownFileType = sourcecode.c.objc; path = AppDelegate.m; sourceTree = "<group>"; };
		814F57981AE58E32004D7E87 /* LoginViewController.h */ = {isa = PBXFileReference; lastKnownFileType = sourcecode.c.h; path = LoginViewController.h; sourceTree = "<group>"; };
		814F57991AE58E32004D7E87 /* LoginViewController.m */ = {isa = PBXFileReference; lastKnownFileType = sourcecode.c.objc; path = LoginViewController.m; sourceTree = "<group>"; };
		814F579C1AE58E32004D7E87 /* Base */ = {isa = PBXFileReference; lastKnownFileType = file.storyboard; name = Base; path = Base.lproj/Main.storyboard; sourceTree = "<group>"; };
		814F579E1AE58E32004D7E87 /* Images.xcassets */ = {isa = PBXFileReference; lastKnownFileType = folder.assetcatalog; path = Images.xcassets; sourceTree = "<group>"; };
		814F57A11AE58E32004D7E87 /* Base */ = {isa = PBXFileReference; lastKnownFileType = file.xib; name = Base; path = Base.lproj/LaunchScreen.xib; sourceTree = "<group>"; };
		814F57A71AE58E32004D7E87 /* ShoppingWithFriendsTests.xctest */ = {isa = PBXFileReference; explicitFileType = wrapper.cfbundle; includeInIndex = 0; path = ShoppingWithFriendsTests.xctest; sourceTree = BUILT_PRODUCTS_DIR; };
		814F57AC1AE58E32004D7E87 /* Info.plist */ = {isa = PBXFileReference; lastKnownFileType = text.plist.xml; path = Info.plist; sourceTree = "<group>"; };
		814F57AD1AE58E32004D7E87 /* ShoppingWithFriendsTests.m */ = {isa = PBXFileReference; lastKnownFileType = sourcecode.c.objc; path = ShoppingWithFriendsTests.m; sourceTree = "<group>"; };
		814F57B71AE58F14004D7E87 /* Parse.framework */ = {isa = PBXFileReference; lastKnownFileType = wrapper.framework; path = Parse.framework; sourceTree = "<group>"; };
		814F57BA1AE58F36004D7E87 /* Bolts.framework */ = {isa = PBXFileReference; lastKnownFileType = wrapper.framework; path = Bolts.framework; sourceTree = "<group>"; };
		814F57BC1AE58FEF004D7E87 /* AudioToolbox.framework */ = {isa = PBXFileReference; lastKnownFileType = wrapper.framework; name = AudioToolbox.framework; path = System/Library/Frameworks/AudioToolbox.framework; sourceTree = SDKROOT; };
		814F57BD1AE58FEF004D7E87 /* CFNetwork.framework */ = {isa = PBXFileReference; lastKnownFileType = wrapper.framework; name = CFNetwork.framework; path = System/Library/Frameworks/CFNetwork.framework; sourceTree = SDKROOT; };
		814F57BE1AE58FEF004D7E87 /* CoreGraphics.framework */ = {isa = PBXFileReference; lastKnownFileType = wrapper.framework; name = CoreGraphics.framework; path = System/Library/Frameworks/CoreGraphics.framework; sourceTree = SDKROOT; };
		814F57BF1AE58FEF004D7E87 /* CoreLocation.framework */ = {isa = PBXFileReference; lastKnownFileType = wrapper.framework; name = CoreLocation.framework; path = System/Library/Frameworks/CoreLocation.framework; sourceTree = SDKROOT; };
		814F57C01AE58FEF004D7E87 /* libsqlite3.dylib */ = {isa = PBXFileReference; lastKnownFileType = "compiled.mach-o.dylib"; name = libsqlite3.dylib; path = usr/lib/libsqlite3.dylib; sourceTree = SDKROOT; };
		814F57C11AE58FF0004D7E87 /* libz.dylib */ = {isa = PBXFileReference; lastKnownFileType = "compiled.mach-o.dylib"; name = libz.dylib; path = usr/lib/libz.dylib; sourceTree = SDKROOT; };
		814F57C21AE58FF0004D7E87 /* MobileCoreServices.framework */ = {isa = PBXFileReference; lastKnownFileType = wrapper.framework; name = MobileCoreServices.framework; path = System/Library/Frameworks/MobileCoreServices.framework; sourceTree = SDKROOT; };
		814F57C31AE58FF0004D7E87 /* QuartzCore.framework */ = {isa = PBXFileReference; lastKnownFileType = wrapper.framework; name = QuartzCore.framework; path = System/Library/Frameworks/QuartzCore.framework; sourceTree = SDKROOT; };
		814F57C41AE58FF0004D7E87 /* Security.framework */ = {isa = PBXFileReference; lastKnownFileType = wrapper.framework; name = Security.framework; path = System/Library/Frameworks/Security.framework; sourceTree = SDKROOT; };
		814F57C51AE58FF0004D7E87 /* StoreKit.framework */ = {isa = PBXFileReference; lastKnownFileType = wrapper.framework; name = StoreKit.framework; path = System/Library/Frameworks/StoreKit.framework; sourceTree = SDKROOT; };
		814F57C61AE58FF0004D7E87 /* SystemConfiguration.framework */ = {isa = PBXFileReference; lastKnownFileType = wrapper.framework; name = SystemConfiguration.framework; path = System/Library/Frameworks/SystemConfiguration.framework; sourceTree = SDKROOT; };
		814F57D21AE5ED8E004D7E87 /* HomeViewController.h */ = {isa = PBXFileReference; fileEncoding = 4; lastKnownFileType = sourcecode.c.h; path = HomeViewController.h; sourceTree = "<group>"; };
		814F57D31AE5ED8E004D7E87 /* HomeViewController.m */ = {isa = PBXFileReference; fileEncoding = 4; lastKnownFileType = sourcecode.c.objc; path = HomeViewController.m; sourceTree = "<group>"; };
		814F57D51AE5FA88004D7E87 /* RegistrationViewController.h */ = {isa = PBXFileReference; fileEncoding = 4; lastKnownFileType = sourcecode.c.h; path = RegistrationViewController.h; sourceTree = "<group>"; };
		814F57D61AE5FA88004D7E87 /* RegistrationViewController.m */ = {isa = PBXFileReference; fileEncoding = 4; lastKnownFileType = sourcecode.c.objc; path = RegistrationViewController.m; sourceTree = "<group>"; };
		814F57D91AE6A2CA004D7E87 /* FriendsVC.h */ = {isa = PBXFileReference; fileEncoding = 4; lastKnownFileType = sourcecode.c.h; path = FriendsVC.h; sourceTree = "<group>"; };
		814F57DA1AE6A2CA004D7E87 /* FriendsVC.m */ = {isa = PBXFileReference; fileEncoding = 4; lastKnownFileType = sourcecode.c.objc; path = FriendsVC.m; sourceTree = "<group>"; };
		814F57DD1AE6B552004D7E87 /* AddFriendsVC.h */ = {isa = PBXFileReference; fileEncoding = 4; lastKnownFileType = sourcecode.c.h; path = AddFriendsVC.h; sourceTree = "<group>"; };
		814F57DE1AE6B552004D7E87 /* AddFriendsVC.m */ = {isa = PBXFileReference; fileEncoding = 4; lastKnownFileType = sourcecode.c.objc; path = AddFriendsVC.m; sourceTree = "<group>"; };
		814F57E31AE72EF0004D7E87 /* WishlistVC.h */ = {isa = PBXFileReference; fileEncoding = 4; lastKnownFileType = sourcecode.c.h; path = WishlistVC.h; sourceTree = "<group>"; };
		814F57E41AE72EF0004D7E87 /* WishlistVC.m */ = {isa = PBXFileReference; fileEncoding = 4; lastKnownFileType = sourcecode.c.objc; path = WishlistVC.m; sourceTree = "<group>"; };
		814F57E61AE72F34004D7E87 /* SalePostVC.m */ = {isa = PBXFileReference; fileEncoding = 4; lastKnownFileType = sourcecode.c.objc; path = SalePostVC.m; sourceTree = "<group>"; };
		814F57E71AE72F34004D7E87 /* SalePostVC.h */ = {isa = PBXFileReference; fileEncoding = 4; lastKnownFileType = sourcecode.c.h; path = SalePostVC.h; sourceTree = "<group>"; };
		814F57E91AE74D6F004D7E87 /* AddToWL.h */ = {isa = PBXFileReference; fileEncoding = 4; lastKnownFileType = sourcecode.c.h; path = AddToWL.h; sourceTree = "<group>"; };
		814F57EA1AE74D6F004D7E87 /* AddToWL.m */ = {isa = PBXFileReference; fileEncoding = 4; lastKnownFileType = sourcecode.c.objc; path = AddToWL.m; sourceTree = "<group>"; };
/* End PBXFileReference section */

/* Begin PBXFrameworksBuildPhase section */
		814F578B1AE58E32004D7E87 /* Frameworks */ = {
			isa = PBXFrameworksBuildPhase;
			buildActionMask = 2147483647;
			files = (
				814F57C71AE58FF0004D7E87 /* AudioToolbox.framework in Frameworks */,
				814F57C81AE58FF0004D7E87 /* CFNetwork.framework in Frameworks */,
				814F57C91AE58FF0004D7E87 /* CoreGraphics.framework in Frameworks */,
				814F57CA1AE58FF0004D7E87 /* CoreLocation.framework in Frameworks */,
				814F57CB1AE58FF0004D7E87 /* libsqlite3.dylib in Frameworks */,
				814F57CC1AE58FF0004D7E87 /* libz.dylib in Frameworks */,
				814F57CD1AE58FF0004D7E87 /* MobileCoreServices.framework in Frameworks */,
				814F57CE1AE58FF0004D7E87 /* QuartzCore.framework in Frameworks */,
				814F57CF1AE58FF0004D7E87 /* Security.framework in Frameworks */,
				814F57D01AE58FF0004D7E87 /* StoreKit.framework in Frameworks */,
				814F57D11AE58FF0004D7E87 /* SystemConfiguration.framework in Frameworks */,
				814F57B81AE58F14004D7E87 /* Parse.framework in Frameworks */,
				814F57BB1AE58F36004D7E87 /* Bolts.framework in Frameworks */,
			);
			runOnlyForDeploymentPostprocessing = 0;
		};
		814F57A41AE58E32004D7E87 /* Frameworks */ = {
			isa = PBXFrameworksBuildPhase;
			buildActionMask = 2147483647;
			files = (
			);
			runOnlyForDeploymentPostprocessing = 0;
		};
/* End PBXFrameworksBuildPhase section */

/* Begin PBXGroup section */
		814F57851AE58E31004D7E87 = {
			isa = PBXGroup;
			children = (
				814F57901AE58E32004D7E87 /* ShoppingWithFriends */,
				814F57AA1AE58E32004D7E87 /* ShoppingWithFriendsTests */,
				814F578F1AE58E32004D7E87 /* Products */,
				814F57B91AE58F24004D7E87 /* Frameworks */,
			);
			sourceTree = "<group>";
		};
		814F578F1AE58E32004D7E87 /* Products */ = {
			isa = PBXGroup;
			children = (
				814F578E1AE58E32004D7E87 /* ShoppingWithFriends.app */,
				814F57A71AE58E32004D7E87 /* ShoppingWithFriendsTests.xctest */,
			);
			name = Products;
			sourceTree = "<group>";
		};
		814F57901AE58E32004D7E87 /* ShoppingWithFriends */ = {
			isa = PBXGroup;
			children = (
				814F57951AE58E32004D7E87 /* AppDelegate.h */,
				814F57961AE58E32004D7E87 /* AppDelegate.m */,
				814F57911AE58E32004D7E87 /* Supporting Files */,
				814F57D81AE602AF004D7E87 /* Registration/Login */,
				814F57DC1AE6B2A7004D7E87 /* Implemented */,
				814F579E1AE58E32004D7E87 /* Images.xcassets */,
				814F57A01AE58E32004D7E87 /* LaunchScreen.xib */,
				814F579B1AE58E32004D7E87 /* Main.storyboard */,
			);
			path = ShoppingWithFriends;
			sourceTree = "<group>";
		};
		814F57911AE58E32004D7E87 /* Supporting Files */ = {
			isa = PBXGroup;
			children = (
				814F57921AE58E32004D7E87 /* Info.plist */,
				814F57931AE58E32004D7E87 /* main.m */,
			);
			name = "Supporting Files";
			sourceTree = "<group>";
		};
		814F57AA1AE58E32004D7E87 /* ShoppingWithFriendsTests */ = {
			isa = PBXGroup;
			children = (
				814F57AD1AE58E32004D7E87 /* ShoppingWithFriendsTests.m */,
				814F57AB1AE58E32004D7E87 /* Supporting Files */,
			);
			path = ShoppingWithFriendsTests;
			sourceTree = "<group>";
		};
		814F57AB1AE58E32004D7E87 /* Supporting Files */ = {
			isa = PBXGroup;
			children = (
				814F57AC1AE58E32004D7E87 /* Info.plist */,
			);
			name = "Supporting Files";
			sourceTree = "<group>";
		};
		814F57B91AE58F24004D7E87 /* Frameworks */ = {
			isa = PBXGroup;
			children = (
				814F57BC1AE58FEF004D7E87 /* AudioToolbox.framework */,
				814F57BD1AE58FEF004D7E87 /* CFNetwork.framework */,
				814F57BE1AE58FEF004D7E87 /* CoreGraphics.framework */,
				814F57BF1AE58FEF004D7E87 /* CoreLocation.framework */,
				814F57C01AE58FEF004D7E87 /* libsqlite3.dylib */,
				814F57C11AE58FF0004D7E87 /* libz.dylib */,
				814F57C21AE58FF0004D7E87 /* MobileCoreServices.framework */,
				814F57C31AE58FF0004D7E87 /* QuartzCore.framework */,
				814F57C41AE58FF0004D7E87 /* Security.framework */,
				814F57C51AE58FF0004D7E87 /* StoreKit.framework */,
				814F57C61AE58FF0004D7E87 /* SystemConfiguration.framework */,
				814F57BA1AE58F36004D7E87 /* Bolts.framework */,
				814F57B71AE58F14004D7E87 /* Parse.framework */,
			);
			name = Frameworks;
			sourceTree = "<group>";
		};
		814F57D81AE602AF004D7E87 /* Registration/Login */ = {
			isa = PBXGroup;
			children = (
				814F57981AE58E32004D7E87 /* LoginViewController.h */,
				814F57991AE58E32004D7E87 /* LoginViewController.m */,
				814F57D51AE5FA88004D7E87 /* RegistrationViewController.h */,
				814F57D61AE5FA88004D7E87 /* RegistrationViewController.m */,
			);
			name = Registration/Login;
			sourceTree = "<group>";
		};
		814F57DC1AE6B2A7004D7E87 /* Implemented */ = {
			isa = PBXGroup;
			children = (
				814F57E71AE72F34004D7E87 /* SalePostVC.h */,
				814F57E61AE72F34004D7E87 /* SalePostVC.m */,
				814F57D21AE5ED8E004D7E87 /* HomeViewController.h */,
				814F57D31AE5ED8E004D7E87 /* HomeViewController.m */,
				814F57D91AE6A2CA004D7E87 /* FriendsVC.h */,
				814F57DA1AE6A2CA004D7E87 /* FriendsVC.m */,
				814F57DD1AE6B552004D7E87 /* AddFriendsVC.h */,
				814F57DE1AE6B552004D7E87 /* AddFriendsVC.m */,
				814F57E91AE74D6F004D7E87 /* AddToWL.h */,
				814F57EA1AE74D6F004D7E87 /* AddToWL.m */,
				814F57E31AE72EF0004D7E87 /* WishlistVC.h */,
				814F57E41AE72EF0004D7E87 /* WishlistVC.m */,
			);
			name = Implemented;
			sourceTree = "<group>";
		};
/* End PBXGroup section */

/* Begin PBXNativeTarget section */
		814F578D1AE58E32004D7E87 /* ShoppingWithFriends */ = {
			isa = PBXNativeTarget;
			buildConfigurationList = 814F57B11AE58E32004D7E87 /* Build configuration list for PBXNativeTarget "ShoppingWithFriends" */;
			buildPhases = (
				814F578A1AE58E32004D7E87 /* Sources */,
				814F578B1AE58E32004D7E87 /* Frameworks */,
				814F578C1AE58E32004D7E87 /* Resources */,
			);
			buildRules = (
			);
			dependencies = (
			);
			name = ShoppingWithFriends;
			productName = ShoppingWithFriends;
			productReference = 814F578E1AE58E32004D7E87 /* ShoppingWithFriends.app */;
			productType = "com.apple.product-type.application";
		};
		814F57A61AE58E32004D7E87 /* ShoppingWithFriendsTests */ = {
			isa = PBXNativeTarget;
			buildConfigurationList = 814F57B41AE58E32004D7E87 /* Build configuration list for PBXNativeTarget "ShoppingWithFriendsTests" */;
			buildPhases = (
				814F57A31AE58E32004D7E87 /* Sources */,
				814F57A41AE58E32004D7E87 /* Frameworks */,
				814F57A51AE58E32004D7E87 /* Resources */,
			);
			buildRules = (
			);
			dependencies = (
				814F57A91AE58E32004D7E87 /* PBXTargetDependency */,
			);
			name = ShoppingWithFriendsTests;
			productName = ShoppingWithFriendsTests;
			productReference = 814F57A71AE58E32004D7E87 /* ShoppingWithFriendsTests.xctest */;
			productType = "com.apple.product-type.bundle.unit-test";
		};
/* End PBXNativeTarget section */

/* Begin PBXProject section */
		814F57861AE58E31004D7E87 /* Project object */ = {
			isa = PBXProject;
			attributes = {
				LastUpgradeCheck = 0630;
				ORGANIZATIONNAME = com.reynoldsJay;
				TargetAttributes = {
					814F578D1AE58E32004D7E87 = {
						CreatedOnToolsVersion = 6.3;
					};
					814F57A61AE58E32004D7E87 = {
						CreatedOnToolsVersion = 6.3;
						TestTargetID = 814F578D1AE58E32004D7E87;
					};
				};
			};
			buildConfigurationList = 814F57891AE58E31004D7E87 /* Build configuration list for PBXProject "ShoppingWithFriends" */;
			compatibilityVersion = "Xcode 3.2";
			developmentRegion = English;
			hasScannedForEncodings = 0;
			knownRegions = (
				en,
				Base,
			);
			mainGroup = 814F57851AE58E31004D7E87;
			productRefGroup = 814F578F1AE58E32004D7E87 /* Products */;
			projectDirPath = "";
			projectRoot = "";
			targets = (
				814F578D1AE58E32004D7E87 /* ShoppingWithFriends */,
				814F57A61AE58E32004D7E87 /* ShoppingWithFriendsTests */,
			);
		};
/* End PBXProject section */

/* Begin PBXResourcesBuildPhase section */
		814F578C1AE58E32004D7E87 /* Resources */ = {
			isa = PBXResourcesBuildPhase;
			buildActionMask = 2147483647;
			files = (
				814F579D1AE58E32004D7E87 /* Main.storyboard in Resources */,
				814F57A21AE58E32004D7E87 /* LaunchScreen.xib in Resources */,
				814F579F1AE58E32004D7E87 /* Images.xcassets in Resources */,
			);
			runOnlyForDeploymentPostprocessing = 0;
		};
		814F57A51AE58E32004D7E87 /* Resources */ = {
			isa = PBXResourcesBuildPhase;
			buildActionMask = 2147483647;
			files = (
			);
			runOnlyForDeploymentPostprocessing = 0;
		};
/* End PBXResourcesBuildPhase section */

/* Begin PBXSourcesBuildPhase section */
		814F578A1AE58E32004D7E87 /* Sources */ = {
			isa = PBXSourcesBuildPhase;
			buildActionMask = 2147483647;
			files = (
				814F57DB1AE6A2CA004D7E87 /* FriendsVC.m in Sources */,
				814F579A1AE58E32004D7E87 /* LoginViewController.m in Sources */,
				814F57E51AE72EF0004D7E87 /* WishlistVC.m in Sources */,
				814F57EB1AE74D6F004D7E87 /* AddToWL.m in Sources */,
				814F57971AE58E32004D7E87 /* AppDelegate.m in Sources */,
				814F57D71AE5FA88004D7E87 /* RegistrationViewController.m in Sources */,
				814F57941AE58E32004D7E87 /* main.m in Sources */,
				814F57D41AE5ED8E004D7E87 /* HomeViewController.m in Sources */,
				814F57E81AE72F34004D7E87 /* SalePostVC.m in Sources */,
				814F57DF1AE6B552004D7E87 /* AddFriendsVC.m in Sources */,
			);
			runOnlyForDeploymentPostprocessing = 0;
		};
		814F57A31AE58E32004D7E87 /* Sources */ = {
			isa = PBXSourcesBuildPhase;
			buildActionMask = 2147483647;
			files = (
				814F57AE1AE58E32004D7E87 /* ShoppingWithFriendsTests.m in Sources */,
			);
			runOnlyForDeploymentPostprocessing = 0;
		};
/* End PBXSourcesBuildPhase section */

/* Begin PBXTargetDependency section */
		814F57A91AE58E32004D7E87 /* PBXTargetDependency */ = {
			isa = PBXTargetDependency;
			target = 814F578D1AE58E32004D7E87 /* ShoppingWithFriends */;
			targetProxy = 814F57A81AE58E32004D7E87 /* PBXContainerItemProxy */;
		};
/* End PBXTargetDependency section */

/* Begin PBXVariantGroup section */
		814F579B1AE58E32004D7E87 /* Main.storyboard */ = {
			isa = PBXVariantGroup;
			children = (
				814F579C1AE58E32004D7E87 /* Base */,
			);
			name = Main.storyboard;
			sourceTree = "<group>";
		};
		814F57A01AE58E32004D7E87 /* LaunchScreen.xib */ = {
			isa = PBXVariantGroup;
			children = (
				814F57A11AE58E32004D7E87 /* Base */,
			);
			name = LaunchScreen.xib;
			sourceTree = "<group>";
		};
/* End PBXVariantGroup section */

/* Begin XCBuildConfiguration section */
		814F57AF1AE58E32004D7E87 /* Debug */ = {
			isa = XCBuildConfiguration;
			buildSettings = {
				ALWAYS_SEARCH_USER_PATHS = NO;
				CLANG_CXX_LANGUAGE_STANDARD = "gnu++0x";
				CLANG_CXX_LIBRARY = "libc++";
				CLANG_ENABLE_MODULES = YES;
				CLANG_ENABLE_OBJC_ARC = YES;
				CLANG_WARN_BOOL_CONVERSION = YES;
				CLANG_WARN_CONSTANT_CONVERSION = YES;
				CLANG_WARN_DIRECT_OBJC_ISA_USAGE = YES_ERROR;
				CLANG_WARN_EMPTY_BODY = YES;
				CLANG_WARN_ENUM_CONVERSION = YES;
				CLANG_WARN_INT_CONVERSION = YES;
				CLANG_WARN_OBJC_ROOT_CLASS = YES_ERROR;
				CLANG_WARN_UNREACHABLE_CODE = YES;
				CLANG_WARN__DUPLICATE_METHOD_MATCH = YES;
				"CODE_SIGN_IDENTITY[sdk=iphoneos*]" = "iPhone Developer";
				COPY_PHASE_STRIP = NO;
				DEBUG_INFORMATION_FORMAT = "dwarf-with-dsym";
				ENABLE_STRICT_OBJC_MSGSEND = YES;
				GCC_C_LANGUAGE_STANDARD = gnu99;
				GCC_DYNAMIC_NO_PIC = NO;
				GCC_NO_COMMON_BLOCKS = YES;
				GCC_OPTIMIZATION_LEVEL = 0;
				GCC_PREPROCESSOR_DEFINITIONS = (
					"DEBUG=1",
					"$(inherited)",
				);
				GCC_SYMBOLS_PRIVATE_EXTERN = NO;
				GCC_WARN_64_TO_32_BIT_CONVERSION = YES;
				GCC_WARN_ABOUT_RETURN_TYPE = YES_ERROR;
				GCC_WARN_UNDECLARED_SELECTOR = YES;
				GCC_WARN_UNINITIALIZED_AUTOS = YES_AGGRESSIVE;
				GCC_WARN_UNUSED_FUNCTION = YES;
				GCC_WARN_UNUSED_VARIABLE = YES;
				IPHONEOS_DEPLOYMENT_TARGET = 8.3;
				MTL_ENABLE_DEBUG_INFO = YES;
				ONLY_ACTIVE_ARCH = YES;
				SDKROOT = iphoneos;
			};
			name = Debug;
		};
		814F57B01AE58E32004D7E87 /* Release */ = {
			isa = XCBuildConfiguration;
			buildSettings = {
				ALWAYS_SEARCH_USER_PATHS = NO;
				CLANG_CXX_LANGUAGE_STANDARD = "gnu++0x";
				CLANG_CXX_LIBRARY = "libc++";
				CLANG_ENABLE_MODULES = YES;
				CLANG_ENABLE_OBJC_ARC = YES;
				CLANG_WARN_BOOL_CONVERSION = YES;
				CLANG_WARN_CONSTANT_CONVERSION = YES;
				CLANG_WARN_DIRECT_OBJC_ISA_USAGE = YES_ERROR;
				CLANG_WARN_EMPTY_BODY = YES;
				CLANG_WARN_ENUM_CONVERSION = YES;
				CLANG_WARN_INT_CONVERSION = YES;
				CLANG_WARN_OBJC_ROOT_CLASS = YES_ERROR;
				CLANG_WARN_UNREACHABLE_CODE = YES;
				CLANG_WARN__DUPLICATE_METHOD_MATCH = YES;
				"CODE_SIGN_IDENTITY[sdk=iphoneos*]" = "iPhone Developer";
				COPY_PHASE_STRIP = NO;
				DEBUG_INFORMATION_FORMAT = "dwarf-with-dsym";
				ENABLE_NS_ASSERTIONS = NO;
				ENABLE_STRICT_OBJC_MSGSEND = YES;
				GCC_C_LANGUAGE_STANDARD = gnu99;
				GCC_NO_COMMON_BLOCKS = YES;
				GCC_WARN_64_TO_32_BIT_CONVERSION = YES;
				GCC_WARN_ABOUT_RETURN_TYPE = YES_ERROR;
				GCC_WARN_UNDECLARED_SELECTOR = YES;
				GCC_WARN_UNINITIALIZED_AUTOS = YES_AGGRESSIVE;
				GCC_WARN_UNUSED_FUNCTION = YES;
				GCC_WARN_UNUSED_VARIABLE = YES;
				IPHONEOS_DEPLOYMENT_TARGET = 8.3;
				MTL_ENABLE_DEBUG_INFO = NO;
				SDKROOT = iphoneos;
				VALIDATE_PRODUCT = YES;
			};
			name = Release;
		};
		814F57B21AE58E32004D7E87 /* Debug */ = {
			isa = XCBuildConfiguration;
			buildSettings = {
				ASSETCATALOG_COMPILER_APPICON_NAME = AppIcon;
				FRAMEWORK_SEARCH_PATHS = (
					"$(inherited)",
					"$(PROJECT_DIR)",
				);
				INFOPLIST_FILE = ShoppingWithFriends/Info.plist;
				LD_RUNPATH_SEARCH_PATHS = "$(inherited) @executable_path/Frameworks";
				PRODUCT_NAME = "$(TARGET_NAME)";
			};
			name = Debug;
		};
		814F57B31AE58E32004D7E87 /* Release */ = {
			isa = XCBuildConfiguration;
			buildSettings = {
				ASSETCATALOG_COMPILER_APPICON_NAME = AppIcon;
				FRAMEWORK_SEARCH_PATHS = (
					"$(inherited)",
					"$(PROJECT_DIR)",
				);
				INFOPLIST_FILE = ShoppingWithFriends/Info.plist;
				LD_RUNPATH_SEARCH_PATHS = "$(inherited) @executable_path/Frameworks";
				PRODUCT_NAME = "$(TARGET_NAME)";
			};
			name = Release;
		};
		814F57B51AE58E32004D7E87 /* Debug */ = {
			isa = XCBuildConfiguration;
			buildSettings = {
				BUNDLE_LOADER = "$(TEST_HOST)";
				FRAMEWORK_SEARCH_PATHS = (
					"$(SDKROOT)/Developer/Library/Frameworks",
					"$(inherited)",
				);
				GCC_PREPROCESSOR_DEFINITIONS = (
					"DEBUG=1",
					"$(inherited)",
				);
				INFOPLIST_FILE = ShoppingWithFriendsTests/Info.plist;
				LD_RUNPATH_SEARCH_PATHS = "$(inherited) @executable_path/Frameworks @loader_path/Frameworks";
				PRODUCT_NAME = "$(TARGET_NAME)";
				TEST_HOST = "$(BUILT_PRODUCTS_DIR)/ShoppingWithFriends.app/ShoppingWithFriends";
			};
			name = Debug;
		};
		814F57B61AE58E32004D7E87 /* Release */ = {
			isa = XCBuildConfiguration;
			buildSettings = {
				BUNDLE_LOADER = "$(TEST_HOST)";
				FRAMEWORK_SEARCH_PATHS = (
					"$(SDKROOT)/Developer/Library/Frameworks",
					"$(inherited)",
				);
				INFOPLIST_FILE = ShoppingWithFriendsTests/Info.plist;
				LD_RUNPATH_SEARCH_PATHS = "$(inherited) @executable_path/Frameworks @loader_path/Frameworks";
				PRODUCT_NAME = "$(TARGET_NAME)";
				TEST_HOST = "$(BUILT_PRODUCTS_DIR)/ShoppingWithFriends.app/ShoppingWithFriends";
			};
			name = Release;
		};
/* End XCBuildConfiguration section */

/* Begin XCConfigurationList section */
		814F57891AE58E31004D7E87 /* Build configuration list for PBXProject "ShoppingWithFriends" */ = {
			isa = XCConfigurationList;
			buildConfigurations = (
				814F57AF1AE58E32004D7E87 /* Debug */,
				814F57B01AE58E32004D7E87 /* Release */,
			);
			defaultConfigurationIsVisible = 0;
			defaultConfigurationName = Release;
		};
		814F57B11AE58E32004D7E87 /* Build configuration list for PBXNativeTarget "ShoppingWithFriends" */ = {
			isa = XCConfigurationList;
			buildConfigurations = (
				814F57B21AE58E32004D7E87 /* Debug */,
				814F57B31AE58E32004D7E87 /* Release */,
			);
			defaultConfigurationIsVisible = 0;
			defaultConfigurationName = Release;
		};
		814F57B41AE58E32004D7E87 /* Build configuration list for PBXNativeTarget "ShoppingWithFriendsTests" */ = {
			isa = XCConfigurationList;
			buildConfigurations = (
				814F57B51AE58E32004D7E87 /* Debug */,
				814F57B61AE58E32004D7E87 /* Release */,
			);
			defaultConfigurationIsVisible = 0;
			defaultConfigurationName = Release;
		};
/* End XCConfigurationList section */
	};
	rootObject = 814F57861AE58E31004D7E87 /* Project object */;
}
